# This file is autogenerated, do not edit; changes may be undone by the next 'dep ensure'.


[[projects]]
  name = "github.com/Sirupsen/logrus"
  packages = ["."]
  revision = "418b41d23a1bf978c06faea5313ba194650ac088"
  version = "v0.8.7"

[[projects]]
  name = "github.com/fatih/structs"
  packages = ["."]
  revision = "a720dfa8df582c51dee1b36feabb906bde1588bd"
  version = "v1.0"

[[projects]]
  name = "github.com/garyburd/redigo"
  packages = ["internal","redis"]
  revision = "47dc60e71eed504e3ef8e77ee3c6fe720f3be57f"
  version = "v1.3.0"

[[projects]]
  branch = "master"
  name = "github.com/go-xorm/builder"
  packages = ["."]
  revision = "c8871c857d2555fbfbd8524f895be5386d3d8836"

[[projects]]
  name = "github.com/go-xorm/core"
  packages = ["."]
  revision = "da1adaf7a28ca792961721a34e6e04945200c890"
  version = "v0.5.7"

[[projects]]
  name = "github.com/go-xorm/xorm"
  packages = ["."]
  revision = "d7f04c3cecff8d8c9321b2c39940e1992ce9f01a"
  version = "v0.6.3"

[[projects]]
  branch = "master"
  name = "github.com/lib/pq"
  packages = [".","oid"]
  revision = "017e4c14d80628353eaee677a1aeffe47a10c0dc"

[[projects]]
  branch = "master"
  name = "github.com/seefan/goerr"
  packages = ["."]
  revision = "b59de7bf2780da1a6706baffd108088dacfd8bc4"

[[projects]]
  name = "github.com/seefan/gossdb"
  packages = ["."]
  revision = "419f4298088c2542a8467595a8692ee45be25f08"
  version = "v1.0"

[[projects]]
  branch = "master"
  name = "github.com/seefan/to"
  packages = ["."]
  revision = "d8d07055f0522d7fa9d25e229feb8bc833c44b49"

[[projects]]
  branch = "master"
  name = "github.com/ssdb/gossdb"
  packages = ["ssdb"]
  revision = "96753833c5cc3ea638335ecf9b1cf1b5f8901ca3"

[[projects]]
  branch = "v1"
  name = "gopkg.in/bsm/ratelimit.v1"
  packages = ["."]
  revision = "db14e161995a5177acef654cb0dd785e8ee8bc22"

[[projects]]
  branch = "v2"
  name = "gopkg.in/mgo.v2"
  packages = [".","bson","internal/json","internal/sasl","internal/scram"]
  revision = "3f83fa5005286a7fe593b055f0d7771a7dce4655"

[[projects]]
  name = "gopkg.in/redis.v3"
  packages = [".","internal","internal/consistenthash","internal/hashtag","internal/pool"]
  revision = "b5e368500d0a508ef8f16e9c2d4025a8a46bcc29"
  version = "v3.6.4"

[solve-meta]
  analyzer-name = "dep"
  analyzer-version = 1
  inputs-digest = "6ce5a61397b809edd6d032aa07931ca0c5aa34e056f59ddba5f58ea1f5431008"
  solver-name = "gps-cdcl"
  solver-version = 1
